version = 1
requires-python = ">=3.11"

[[package]]
name = "colorama"
version = "0.4.6"
source = { registry = "https://pypi.org/simple" }
sdist = { url = "https://files.pythonhosted.org/packages/d8/53/6f443c9a4a8358a93a6792e2acffb9d9d5cb0a5cfd8802644b7b1c9a02e4/colorama-0.4.6.tar.gz", hash = "sha256:08695f5cb7ed6e0531a20572697297273c47b8cae5a63ffc6d6ed5c201be6e44", size = 27697 }
wheels = [
    { url = "https://files.pythonhosted.org/packages/d1/d6/3965ed04c63042e047cb6a3e6ed1a63a35087b6a609aa3a15ed8ac56c221/colorama-0.4.6-py2.py3-none-any.whl", hash = "sha256:4f1d9991f5acc0ca119f9d443620b77f9d6b33703e51011c16baf57afb285fc6", size = 25335 },
]

[[package]]
name = "iniconfig"
version = "2.3.0"
source = { registry = "https://pypi.org/simple" }
sdist = { url = "https://files.pythonhosted.org/packages/72/34/14ca021ce8e5dfedc35312d08ba8bf51fdd999c576889fc2c24cb97f4f10/iniconfig-2.3.0.tar.gz", hash = "sha256:c76315c77db068650d49c5b56314774a7804df16fee4402c1f19d6d15d8c4730", size = 20503 }
wheels = [
    { url = "https://files.pythonhosted.org/packages/cb/b1/3846dd7f199d53cb17f49cba7e651e9ce294d8497c8c150530ed11865bb8/iniconfig-2.3.0-py3-none-any.whl", hash = "sha256:f631c04d2c48c52b84d0d0549c99ff3859c98df65b3101406327ecc7d53fbf12", size = 7484 },
]

[[package]]
name = "jsonschema-rs"
version = "0.38.1"
source = { registry = "https://pypi.org/simple" }
sdist = { url = "https://files.pythonhosted.org/packages/6e/30/00935e2d228ba1fc3d2ea684450d43e0d74e30d8648fe9a55428e4dc1bd7/jsonschema_rs-0.38.1.tar.gz", hash = "sha256:ce46c9e43827b409ebaad865a023c03e8684c77fa173c04089cb6d8105ca1bdc", size = 1798534 }
wheels = [
    { url = "https://files.pythonhosted.org/packages/8b/f9/55f9ee2723ffc22a32b29b41299ef86fbae007286fa11f7011309920d1b7/jsonschema_rs-0.38.1-cp310-abi3-macosx_10_12_x86_64.macosx_11_0_arm64.macosx_10_12_universal2.whl", hash = "sha256:bafc27effac614a81bd9b5dfb5b2630a0293c96d63a9f8d4d59184bb65b47e1a", size = 4481502 },
    { url = "https://files.pythonhosted.org/packages/9f/d5/ef1209d56e514bbaebc45ea33b4eebdebf447ceaf5eff30896f5c5fbe238/jsonschema_rs-0.38.1-cp310-abi3-macosx_10_12_x86_64.whl", hash = "sha256:f76f2316949824f6a1210fb18ed013947a82314d6b490ade5d4cefe6c4e371f1", size = 2294829 },
    { url = "https://files.pythonhosted.org/packages/b1/a5/a70d27d435505468816727e30103db369811c8c190c3e7568e2bd36565bc/jsonschema_rs-0.38.1-cp310-abi3-manylinux_2_12_i686.manylinux2010_i686.whl", hash = "sha256:742430d2db37fcabd4775281f843a246ce6ebf0ddd70c08b809bbda0b11bcc13", size = 2471331 },
    { url = "https://files.pythonhosted.org/packages/c4/41/57e3240ed0d9da36aca2664d8a81efc01deeee4a8ad61a75735c65bb6cde/jsonschema_rs-0.38.1-cp310-abi3-manylinux_2_17_aarch64.manylinux2014_aarch64.whl", hash = "sha256:cdac607dbabb2c20671a866ab6271e0bee9f47f88b31e069f1d182828a4c1bd1", size = 2351817 },
    { url = "https://files.pythonhosted.org/packages/14/1a/bd2e59a06d51d50c39ae1c9c341dad881734ebd965913bcfd701884aee42/jsonschema_rs-0.38.1-cp310-abi3-manylinux_2_17_x86_64.manylinux2014_x86_64.whl", hash = "sha256:bf7f975cb0b571611d12663ce18869d81ebecfbbb0ade1eda6670320cc65eabb", size = 2436628 },
    { url = "https://files.pythonhosted.org/packages/7b/a2/2a8f1518e58f7ad799eea6e9bc6df21cee23f6719511b47103f781c02447/jsonschema_rs-0.38.1-cp310-abi3-win32.whl", hash = "sha256:bf96bfe3b9287d236c92595dc3a4f1df20c93bc130ed813c8e1fbf86035dfae5", size = 2034520 },
    { url = "https://files.pythonhosted.org/packages/de/77/e6c52d41f66b3423b402819573534f60f950cbb0fcd0454534847e3300ed/jsonschema_rs-0.38.1-cp310-abi3-win_amd64.whl", hash = "sha256:2e976e1410a935dc27da46ce03bd7d29b8cd17cd99db84a479b1c6ba448aec03", size = 2261599 },
    { url = "https://files.pythonhosted.org/packages/f5/7c/f2119cc03de36aebdd696e02e937fa2f8129fd3098b6708629ebbd73ef7c/jsonschema_rs-0.38.1-pp311-pypy311_pp73-macosx_10_12_x86_64.whl", hash = "sha256:c422cd12ad83dded4c4bcc6662c71a6cd8c225bbd1d05832813ebaaad0a50267", size = 2292711 },
    { url = "https://files.pythonhosted.org/packages/78/65/f2be2e696284bad4e374ad9e1af75089837d45abdf25b9b89bfdbff0522f/jsonschema_rs-0.38.1-pp311-pypy311_pp73-manylinux_2_17_x86_64.manylinux2014_x86_64.whl", hash = "sha256:d45652e512bdb7d5414a8e1bd1465c531da123dcef9fe2d0cd2f1615a24c6b97", size = 2433184 },
    { url = "https://files.pythonhosted.org/packages/c6/5d/46d4c095e2de302efff1769d5a5fca3960590d0a351cb20e1431b5fef509/jsonschema_rs-0.38.1-pp311-pypy311_pp73-manylinux_2_24_aarch64.whl", hash = "sha256:32ac4173a6c0622201152a8108dc8e3fb7ab7f100aa7b772018279051a470d5d", size = 2347566 },
    { url = "https://files.pythonhosted.org/packages/2a/f0/158c5aee9ce33abf3d66a5e649fb697dd71c48e19b0ef4ea0d1bb52203bf/jsonschema_rs-0.38.1-pp311-pypy311_pp73-win_amd64.whl", hash = "sha256:6c7d46ded7a5d3b7f6fda038fd12806300f26784ca0275dd06b6deeb2633cc57", size = 2257721 },
]

[[package]]
name = "open-validation-schemas"
version = "0.4.0"
source = { virtual = "." }

[package.dev-dependencies]
dev = [
    { name = "jsonschema-rs" },
    { name = "pytest" },
]

[package.metadata]

[package.metadata.requires-dev]
dev = [
    { name = "jsonschema-rs", specifier = ">=0.38" },
    { name = "pytest", specifier = ">=8.0" },
]

[[package]]
name = "packaging"
version = "25.0"
source = { registry = "https://pypi.org/simple" }
sdist = { url = "https://files.pythonhosted.org/packages/a1/d4/1fc4078c65507b51b96ca8f8c3ba19e6a61c8253c72794544580a7b6c24d/packaging-25.0.tar.gz", hash = "sha256:d443872c98d677bf60f6a1f2f8c1cb748e8fe762d2bf9d3148b5599295b0fc4f", size = 165727 }
wheels = [
    { url = "https://files.pythonhosted.org/packages/20/12/38679034af332785aac8774540895e234f4d07f7545804097de4b666afd8/packaging-25.0-py3-none-any.whl", hash = "sha256:29572ef2b1f17581046b3a2227d5c611fb25ec70ca1ba8554b24b0e69331a484", size = 66469 },
]

[[package]]
name = "pluggy"
version = "1.6.0"
source = { registry = "https://pypi.org/simple" }
sdist = { url = "https://files.pythonhosted.org/packages/f9/e2/3e91f31a7d2b083fe6ef3fa267035b518369d9511ffab804f839851d2779/pluggy-1.6.0.tar.gz", hash = "sha256:7dcc130b76258d33b90f61b658791dede3486c3e6bfb003ee5c9bfb396dd22f3", size = 69412 }
wheels = [
    { url = "https://files.pythonhosted.org/packages/54/20/4d324d65cc6d9205fabedc306948156824eb9f0ee1633355a8f7ec5c66bf/pluggy-1.6.0-py3-none-any.whl", hash = "sha256:e920276dd6813095e9377c0bc5566d94c932c33b27a3e3945d8389c374dd4746", size = 20538 },
]

[[package]]
name = "pygments"
version = "2.19.2"
source = { registry = "https://pypi.org/simple" }
sdist = { url = "https://files.pythonhosted.org/packages/b0/77/a5b8c569bf593b0140bde72ea885a803b82086995367bf2037de0159d924/pygments-2.19.2.tar.gz", hash = "sha256:636cb2477cec7f8952536970bc533bc43743542f70392ae026374600add5b887", size = 4968631 }
wheels = [
    { url = "https://files.pythonhosted.org/packages/c7/21/705964c7812476f378728bdf590ca4b771ec72385c533964653c68e86bdc/pygments-2.19.2-py3-none-any.whl", hash = "sha256:86540386c03d588bb81d44bc3928634ff26449851e99741617ecb9037ee5ec0b", size = 1225217 },
]

[[package]]
name = "pytest"
version = "9.0.1"
source = { registry = "https://pypi.org/simple" }
dependencies = [
    { name = "colorama", marker = "sys_platform == 'win32'" },
    { name = "iniconfig" },
    { name = "packaging" },
    { name = "pluggy" },
    { name = "pygments" },
]
sdist = { url = "https://files.pythonhosted.org/packages/07/56/f013048ac4bc4c1d9be45afd4ab209ea62822fb1598f40687e6bf45dcea4/pytest-9.0.1.tar.gz", hash = "sha256:3e9c069ea73583e255c3b21cf46b8d3c56f6e3a1a8f6da94ccb0fcf57b9d73c8", size = 1564125 }
wheels = [
    { url = "https://files.pythonhosted.org/packages/0b/8b/6300fb80f858cda1c51ffa17075df5d846757081d11ab4aa35cef9e6258b/pytest-9.0.1-py3-none-any.whl", hash = "sha256:67be0030d194df2dfa7b556f2e56fb3c3315bd5c8822c6951162b92b32ce7dad", size = 373668 },
]
